
Microsoft Visual Studio Solution File, Format Version 12.00
# Visual Studio Version 17
VisualStudioVersion = 17.9.34728.123
MinimumVisualStudioVersion = 10.0.40219.1
Project("{FAE04EC0-301F-11D3-BF4B-00C04F79EFBC}") = "Jogo Genius-Simon", "Jogo Genius-Simon\Jogo Genius-Simon.csproj", "{5ADA1571-BF54-4DFC-B832-B4480DC0FF45}"
EndProject
Global
	GlobalSection(SolutionConfigurationPlatforms) = preSolution
		Debug|Any CPU = Debug|Any CPU
		Release|Any CPU = Release|Any CPU
	EndGlobalSection
	GlobalSection(ProjectConfigurationPlatforms) = postSolution
		{5ADA1571-BF54-4DFC-B832-B4480DC0FF45}.Debug|Any CPU.ActiveCfg = Debug|Any CPU
		{5ADA1571-BF54-4DFC-B832-B4480DC0FF45}.Debug|Any CPU.Build.0 = Debug|Any CPU
		{5ADA1571-BF54-4DFC-B832-B4480DC0FF45}.Release|Any CPU.ActiveCfg = Release|Any CPU
		{5ADA1571-BF54-4DFC-B832-B4480DC0FF45}.Release|Any CPU.Build.0 = Release|Any CPU
	EndGlobalSection
	GlobalSection(SolutionProperties) = preSolution
		HideSolutionNode = FALSE
	EndGlobalSection
	GlobalSection(ExtensibilityGlobals) = postSolution
		SolutionGuid = {3022A5C7-51C2-4597-854D-B61DB2852997}
	EndGlobalSection
EndGlobal
